// !$*UTF8*$!
{
	archiveVersion = 1;
	classes = {
	};
	objectVersion = 50;
	objects = {

/* Begin PBXBuildFile section */
		27CD2CE626263EBA007B24D4 /* AppDelegate.swift in Sources */ = {isa = PBXBuildFile; fileRef = 27CD2CE526263EBA007B24D4 /* AppDelegate.swift */; };
		27CD2CE826263EBA007B24D4 /* SceneDelegate.swift in Sources */ = {isa = PBXBuildFile; fileRef = 27CD2CE726263EBA007B24D4 /* SceneDelegate.swift */; };
		27CD2CEA26263EBA007B24D4 /* ViewController.swift in Sources */ = {isa = PBXBuildFile; fileRef = 27CD2CE926263EBA007B24D4 /* ViewController.swift */; };
		27CD2CED26263EBA007B24D4 /* Main.storyboard in Resources */ = {isa = PBXBuildFile; fileRef = 27CD2CEB26263EBA007B24D4 /* Main.storyboard */; };
		27CD2CEF26263EBC007B24D4 /* Assets.xcassets in Resources */ = {isa = PBXBuildFile; fileRef = 27CD2CEE26263EBC007B24D4 /* Assets.xcassets */; };
		27CD2CF226263EBC007B24D4 /* LaunchScreen.storyboard in Resources */ = {isa = PBXBuildFile; fileRef = 27CD2CF026263EBC007B24D4 /* LaunchScreen.storyboard */; };
		27CD2CFD26263EBC007B24D4 /* NexventTests.swift in Sources */ = {isa = PBXBuildFile; fileRef = 27CD2CFC26263EBC007B24D4 /* NexventTests.swift */; };
		27CD2D0826263EBC007B24D4 /* NexventUITests.swift in Sources */ = {isa = PBXBuildFile; fileRef = 27CD2D0726263EBC007B24D4 /* NexventUITests.swift */; };
/* End PBXBuildFile section */

/* Begin PBXContainerItemProxy section */
		27CD2CF926263EBC007B24D4 /* PBXContainerItemProxy */ = {
			isa = PBXContainerItemProxy;
			containerPortal = 27CD2CDA26263EBA007B24D4 /* Project object */;
			proxyType = 1;
			remoteGlobalIDString = 27CD2CE126263EBA007B24D4;
			remoteInfo = Nexvent;
		};
		27CD2D0426263EBC007B24D4 /* PBXContainerItemProxy */ = {
			isa = PBXContainerItemProxy;
			containerPortal = 27CD2CDA26263EBA007B24D4 /* Project object */;
			proxyType = 1;
			remoteGlobalIDString = 27CD2CE126263EBA007B24D4;
			remoteInfo = Nexvent;
		};
/* End PBXContainerItemProxy section */

/* Begin PBXFileReference section */
		27CD2CE226263EBA007B24D4 /* Nexvent.app */ = {isa = PBXFileReference; explicitFileType = wrapper.application; includeInIndex = 0; path = Nexvent.app; sourceTree = BUILT_PRODUCTS_DIR; };
		27CD2CE526263EBA007B24D4 /* AppDelegate.swift */ = {isa = PBXFileReference; lastKnownFileType = sourcecode.swift; path = AppDelegate.swift; sourceTree = "<group>"; };
		27CD2CE726263EBA007B24D4 /* SceneDelegate.swift */ = {isa = PBXFileReference; lastKnownFileType = sourcecode.swift; path = SceneDelegate.swift; sourceTree = "<group>"; };
		27CD2CE926263EBA007B24D4 /* ViewController.swift */ = {isa = PBXFileReference; lastKnownFileType = sourcecode.swift; path = ViewController.swift; sourceTree = "<group>"; };
		27CD2CEC26263EBA007B24D4 /* Base */ = {isa = PBXFileReference; lastKnownFileType = file.storyboard; name = Base; path = Base.lproj/Main.storyboard; sourceTree = "<group>"; };
		27CD2CEE26263EBC007B24D4 /* Assets.xcassets */ = {isa = PBXFileReference; lastKnownFileType = folder.assetcatalog; path = Assets.xcassets; sourceTree = "<group>"; };
		27CD2CF126263EBC007B24D4 /* Base */ = {isa = PBXFileReference; lastKnownFileType = file.storyboard; name = Base; path = Base.lproj/LaunchScreen.storyboard; sourceTree = "<group>"; };
		27CD2CF326263EBC007B24D4 /* Info.plist */ = {isa = PBXFileReference; lastKnownFileType = text.plist.xml; path = Info.plist; sourceTree = "<group>"; };
		27CD2CF826263EBC007B24D4 /* NexventTests.xctest */ = {isa = PBXFileReference; explicitFileType = wrapper.cfbundle; includeInIndex = 0; path = NexventTests.xctest; sourceTree = BUILT_PRODUCTS_DIR; };
		27CD2CFC26263EBC007B24D4 /* NexventTests.swift */ = {isa = PBXFileReference; lastKnownFileType = sourcecode.swift; path = NexventTests.swift; sourceTree = "<group>"; };
		27CD2CFE26263EBC007B24D4 /* Info.plist */ = {isa = PBXFileReference; lastKnownFileType = text.plist.xml; path = Info.plist; sourceTree = "<group>"; };
		27CD2D0326263EBC007B24D4 /* NexventUITests.xctest */ = {isa = PBXFileReference; explicitFileType = wrapper.cfbundle; includeInIndex = 0; path = NexventUITests.xctest; sourceTree = BUILT_PRODUCTS_DIR; };
		27CD2D0726263EBC007B24D4 /* NexventUITests.swift */ = {isa = PBXFileReference; lastKnownFileType = sourcecode.swift; path = NexventUITests.swift; sourceTree = "<group>"; };
		27CD2D0926263EBC007B24D4 /* Info.plist */ = {isa = PBXFileReference; lastKnownFileType = text.plist.xml; path = Info.plist; sourceTree = "<group>"; };
/* End PBXFileReference section */

/* Begin PBXFrameworksBuildPhase section */
		27CD2CDF26263EBA007B24D4 /* Frameworks */ = {
			isa = PBXFrameworksBuildPhase;
			buildActionMask = 2147483647;
			files = (
			);
			runOnlyForDeploymentPostprocessing = 0;
		};
		27CD2CF526263EBC007B24D4 /* Frameworks */ = {
			isa = PBXFrameworksBuildPhase;
			buildActionMask = 2147483647;
			files = (
			);
			runOnlyForDeploymentPostprocessing = 0;
		};
		27CD2D0026263EBC007B24D4 /* Frameworks */ = {
			isa = PBXFrameworksBuildPhase;
			buildActionMask = 2147483647;
			files = (
			);
			runOnlyForDeploymentPostprocessing = 0;
		};
/* End PBXFrameworksBuildPhase section */

/* Begin PBXGroup section */
		27CD2CD926263EBA007B24D4 = {
			isa = PBXGroup;
			children = (
				27CD2CE426263EBA007B24D4 /* Nexvent */,
				27CD2CFB26263EBC007B24D4 /* NexventTests */,
				27CD2D0626263EBC007B24D4 /* NexventUITests */,
				27CD2CE326263EBA007B24D4 /* Products */,
			);
			sourceTree = "<group>";
		};
		27CD2CE326263EBA007B24D4 /* Products */ = {
			isa = PBXGroup;
			children = (
				27CD2CE226263EBA007B24D4 /* Nexvent.app */,
				27CD2CF826263EBC007B24D4 /* NexventTests.xctest */,
				27CD2D0326263EBC007B24D4 /* NexventUITests.xctest */,
			);
			name = Products;
			sourceTree = "<group>";
		};
		27CD2CE426263EBA007B24D4 /* Nexvent */ = {
			isa = PBXGroup;
			children = (
				27CD2CE526263EBA007B24D4 /* AppDelegate.swift */,
				27CD2CE726263EBA007B24D4 /* SceneDelegate.swift */,
				27CD2CE926263EBA007B24D4 /* ViewController.swift */,
				27CD2CEB26263EBA007B24D4 /* Main.storyboard */,
				27CD2CEE26263EBC007B24D4 /* Assets.xcassets */,
				27CD2CF026263EBC007B24D4 /* LaunchScreen.storyboard */,
				27CD2CF326263EBC007B24D4 /* Info.plist */,
			);
			path = Nexvent;
			sourceTree = "<group>";
		};
		27CD2CFB26263EBC007B24D4 /* NexventTests */ = {
			isa = PBXGroup;
			children = (
				27CD2CFC26263EBC007B24D4 /* NexventTests.swift */,
				27CD2CFE26263EBC007B24D4 /* Info.plist */,
			);
			path = NexventTests;
			sourceTree = "<group>";
		};
		27CD2D0626263EBC007B24D4 /* NexventUITests */ = {
			isa = PBXGroup;
			children = (
				27CD2D0726263EBC007B24D4 /* NexventUITests.swift */,
				27CD2D0926263EBC007B24D4 /* Info.plist */,
			);
			path = NexventUITests;
			sourceTree = "<group>";
		};
/* End PBXGroup section */

/* Begin PBXNativeTarget section */
		27CD2CE126263EBA007B24D4 /* Nexvent */ = {
			isa = PBXNativeTarget;
			buildConfigurationList = 27CD2D0C26263EBC007B24D4 /* Build configuration list for PBXNativeTarget "Nexvent" */;
			buildPhases = (
				27CD2CDE26263EBA007B24D4 /* Sources */,
				27CD2CDF26263EBA007B24D4 /* Frameworks */,
				27CD2CE026263EBA007B24D4 /* Resources */,
			);
			buildRules = (
			);
			dependencies = (
			);
			name = Nexvent;
			productName = Nexvent;
			productReference = 27CD2CE226263EBA007B24D4 /* Nexvent.app */;
			productType = "com.apple.product-type.application";
		};
		27CD2CF726263EBC007B24D4 /* NexventTests */ = {
			isa = PBXNativeTarget;
			buildConfigurationList = 27CD2D0F26263EBC007B24D4 /* Build configuration list for PBXNativeTarget "NexventTests" */;
			buildPhases = (
				27CD2CF426263EBC007B24D4 /* Sources */,
				27CD2CF526263EBC007B24D4 /* Frameworks */,
				27CD2CF626263EBC007B24D4 /* Resources */,
			);
			buildRules = (
			);
			dependencies = (
				27CD2CFA26263EBC007B24D4 /* PBXTargetDependency */,
			);
			name = NexventTests;
			productName = NexventTests;
			productReference = 27CD2CF826263EBC007B24D4 /* NexventTests.xctest */;
			productType = "com.apple.product-type.bundle.unit-test";
		};
		27CD2D0226263EBC007B24D4 /* NexventUITests */ = {
			isa = PBXNativeTarget;
			buildConfigurationList = 27CD2D1226263EBC007B24D4 /* Build configuration list for PBXNativeTarget "NexventUITests" */;
			buildPhases = (
				27CD2CFF26263EBC007B24D4 /* Sources */,
				27CD2D0026263EBC007B24D4 /* Frameworks */,
				27CD2D0126263EBC007B24D4 /* Resources */,
			);
			buildRules = (
			);
			dependencies = (
				27CD2D0526263EBC007B24D4 /* PBXTargetDependency */,
			);
			name = NexventUITests;
			productName = NexventUITests;
			productReference = 27CD2D0326263EBC007B24D4 /* NexventUITests.xctest */;
			productType = "com.apple.product-type.bundle.ui-testing";
		};
/* End PBXNativeTarget section */

/* Begin PBXProject section */
		27CD2CDA26263EBA007B24D4 /* Project object */ = {
			isa = PBXProject;
			attributes = {
				LastSwiftUpdateCheck = 1240;
				LastUpgradeCheck = 1240;
				TargetAttributes = {
					27CD2CE126263EBA007B24D4 = {
						CreatedOnToolsVersion = 12.4;
					};
					27CD2CF726263EBC007B24D4 = {
						CreatedOnToolsVersion = 12.4;
						TestTargetID = 27CD2CE126263EBA007B24D4;
					};
					27CD2D0226263EBC007B24D4 = {
						CreatedOnToolsVersion = 12.4;
						TestTargetID = 27CD2CE126263EBA007B24D4;
					};
				};
			};
			buildConfigurationList = 27CD2CDD26263EBA007B24D4 /* Build configuration list for PBXProject "Nexvent" */;
			compatibilityVersion = "Xcode 9.3";
			developmentRegion = en;
			hasScannedForEncodings = 0;
			knownRegions = (
				en,
				Base,
			);
			mainGroup = 27CD2CD926263EBA007B24D4;
			productRefGroup = 27CD2CE326263EBA007B24D4 /* Products */;
			projectDirPath = "";
			projectRoot = "";
			targets = (
				27CD2CE126263EBA007B24D4 /* Nexvent */,
				27CD2CF726263EBC007B24D4 /* NexventTests */,
				27CD2D0226263EBC007B24D4 /* NexventUITests */,
			);
		};
/* End PBXProject section */

/* Begin PBXResourcesBuildPhase section */
		27CD2CE026263EBA007B24D4 /* Resources */ = {
			isa = PBXResourcesBuildPhase;
			buildActionMask = 2147483647;
			files = (
				27CD2CF226263EBC007B24D4 /* LaunchScreen.storyboard in Resources */,
				27CD2CEF26263EBC007B24D4 /* Assets.xcassets in Resources */,
				27CD2CED26263EBA007B24D4 /* Main.storyboard in Resources */,
			);
			runOnlyForDeploymentPostprocessing = 0;
		};
		27CD2CF626263EBC007B24D4 /* Resources */ = {
			isa = PBXResourcesBuildPhase;
			buildActionMask = 2147483647;
			files = (
			);
			runOnlyForDeploymentPostprocessing = 0;
		};
		27CD2D0126263EBC007B24D4 /* Resources */ = {
			isa = PBXResourcesBuildPhase;
			buildActionMask = 2147483647;
			files = (
			);
			runOnlyForDeploymentPostprocessing = 0;
		};
/* End PBXResourcesBuildPhase section */

/* Begin PBXSourcesBuildPhase section */
		27CD2CDE26263EBA007B24D4 /* Sources */ = {
			isa = PBXSourcesBuildPhase;
			buildActionMask = 2147483647;
			files = (
				27CD2CEA26263EBA007B24D4 /* ViewController.swift in Sources */,
				27CD2CE626263EBA007B24D4 /* AppDelegate.swift in Sources */,
				27CD2CE826263EBA007B24D4 /* SceneDelegate.swift in Sources */,
			);
			runOnlyForDeploymentPostprocessing = 0;
		};
		27CD2CF426263EBC007B24D4 /* Sources */ = {
			isa = PBXSourcesBuildPhase;
			buildActionMask = 2147483647;
			files = (
				27CD2CFD26263EBC007B24D4 /* NexventTests.swift in Sources */,
			);
			runOnlyForDeploymentPostprocessing = 0;
		};
		27CD2CFF26263EBC007B24D4 /* Sources */ = {
			isa = PBXSourcesBuildPhase;
			buildActionMask = 2147483647;
			files = (
				27CD2D0826263EBC007B24D4 /* NexventUITests.swift in Sources */,
			);
			runOnlyForDeploymentPostprocessing = 0;
		};
/* End PBXSourcesBuildPhase section */

/* Begin PBXTargetDependency section */
		27CD2CFA26263EBC007B24D4 /* PBXTargetDependency */ = {
			isa = PBXTargetDependency;
			target = 27CD2CE126263EBA007B24D4 /* Nexvent */;
			targetProxy = 27CD2CF926263EBC007B24D4 /* PBXContainerItemProxy */;
		};
		27CD2D0526263EBC007B24D4 /* PBXTargetDependency */ = {
			isa = PBXTargetDependency;
			target = 27CD2CE126263EBA007B24D4 /* Nexvent */;
			targetProxy = 27CD2D0426263EBC007B24D4 /* PBXContainerItemProxy */;
		};
/* End PBXTargetDependency section */

/* Begin PBXVariantGroup section */
		27CD2CEB26263EBA007B24D4 /* Main.storyboard */ = {
			isa = PBXVariantGroup;
			children = (
				27CD2CEC26263EBA007B24D4 /* Base */,
			);
			name = Main.storyboard;
			sourceTree = "<group>";
		};
		27CD2CF026263EBC007B24D4 /* LaunchScreen.storyboard */ = {
			isa = PBXVariantGroup;
			children = (
				27CD2CF126263EBC007B24D4 /* Base */,
			);
			name = LaunchScreen.storyboard;
			sourceTree = "<group>";
		};
/* End PBXVariantGroup section */

/* Begin XCBuildConfiguration section */
		27CD2D0A26263EBC007B24D4 /* Debug */ = {
			isa = XCBuildConfiguration;
			buildSettings = {
				ALWAYS_SEARCH_USER_PATHS = NO;
				CLANG_ANALYZER_NONNULL = YES;
				CLANG_ANALYZER_NUMBER_OBJECT_CONVERSION = YES_AGGRESSIVE;
				CLANG_CXX_LANGUAGE_STANDARD = "gnu++14";
				CLANG_CXX_LIBRARY = "libc++";
				CLANG_ENABLE_MODULES = YES;
				CLANG_ENABLE_OBJC_ARC = YES;
				CLANG_ENABLE_OBJC_WEAK = YES;
				CLANG_WARN_BLOCK_CAPTURE_AUTORELEASING = YES;
				CLANG_WARN_BOOL_CONVERSION = YES;
				CLANG_WARN_COMMA = YES;
				CLANG_WARN_CONSTANT_CONVERSION = YES;
				CLANG_WARN_DEPRECATED_OBJC_IMPLEMENTATIONS = YES;
				CLANG_WARN_DIRECT_OBJC_ISA_USAGE = YES_ERROR;
				CLANG_WARN_DOCUMENTATION_COMMENTS = YES;
				CLANG_WARN_EMPTY_BODY = YES;
				CLANG_WARN_ENUM_CONVERSION = YES;
				CLANG_WARN_INFINITE_RECURSION = YES;
				CLANG_WARN_INT_CONVERSION = YES;
				CLANG_WARN_NON_LITERAL_NULL_CONVERSION = YES;
				CLANG_WARN_OBJC_IMPLICIT_RETAIN_SELF = YES;
				CLANG_WARN_OBJC_LITERAL_CONVERSION = YES;
				CLANG_WARN_OBJC_ROOT_CLASS = YES_ERROR;
				CLANG_WARN_QUOTED_INCLUDE_IN_FRAMEWORK_HEADER = YES;
				CLANG_WARN_RANGE_LOOP_ANALYSIS = YES;
				CLANG_WARN_STRICT_PROTOTYPES = YES;
				CLANG_WARN_SUSPICIOUS_MOVE = YES;
				CLANG_WARN_UNGUARDED_AVAILABILITY = YES_AGGRESSIVE;
				CLANG_WARN_UNREACHABLE_CODE = YES;
				CLANG_WARN__DUPLICATE_METHOD_MATCH = YES;
				COPY_PHASE_STRIP = NO;
				DEBUG_INFORMATION_FORMAT = dwarf;
				ENABLE_STRICT_OBJC_MSGSEND = YES;
				ENABLE_TESTABILITY = YES;
				GCC_C_LANGUAGE_STANDARD = gnu11;
				GCC_DYNAMIC_NO_PIC = NO;
				GCC_NO_COMMON_BLOCKS = YES;
				GCC_OPTIMIZATION_LEVEL = 0;
				GCC_PREPROCESSOR_DEFINITIONS = (
					"DEBUG=1",
					"$(inherited)",
				);
				GCC_WARN_64_TO_32_BIT_CONVERSION = YES;
				GCC_WARN_ABOUT_RETURN_TYPE = YES_ERROR;
				GCC_WARN_UNDECLARED_SELECTOR = YES;
				GCC_WARN_UNINITIALIZED_AUTOS = YES_AGGRESSIVE;
				GCC_WARN_UNUSED_FUNCTION = YES;
				GCC_WARN_UNUSED_VARIABLE = YES;
				IPHONEOS_DEPLOYMENT_TARGET = 14.4;
				MTL_ENABLE_DEBUG_INFO = INCLUDE_SOURCE;
				MTL_FAST_MATH = YES;
				ONLY_ACTIVE_ARCH = YES;
				SDKROOT = iphoneos;
				SWIFT_ACTIVE_COMPILATION_CONDITIONS = DEBUG;
				SWIFT_OPTIMIZATION_LEVEL = "-Onone";
			};
			name = Debug;
		};
		27CD2D0B26263EBC007B24D4 /* Release */ = {
			isa = XCBuildConfiguration;
			buildSettings = {
				ALWAYS_SEARCH_USER_PATHS = NO;
				CLANG_ANALYZER_NONNULL = YES;
				CLANG_ANALYZER_NUMBER_OBJECT_CONVERSION = YES_AGGRESSIVE;
				CLANG_CXX_LANGUAGE_STANDARD = "gnu++14";
				CLANG_CXX_LIBRARY = "libc++";
				CLANG_ENABLE_MODULES = YES;
				CLANG_ENABLE_OBJC_ARC = YES;
				CLANG_ENABLE_OBJC_WEAK = YES;
				CLANG_WARN_BLOCK_CAPTURE_AUTORELEASING = YES;
				CLANG_WARN_BOOL_CONVERSION = YES;
				CLANG_WARN_COMMA = YES;
				CLANG_WARN_CONSTANT_CONVERSION = YES;
				CLANG_WARN_DEPRECATED_OBJC_IMPLEMENTATIONS = YES;
				CLANG_WARN_DIRECT_OBJC_ISA_USAGE = YES_ERROR;
				CLANG_WARN_DOCUMENTATION_COMMENTS = YES;
				CLANG_WARN_EMPTY_BODY = YES;
				CLANG_WARN_ENUM_CONVERSION = YES;
				CLANG_WARN_INFINITE_RECURSION = YES;
				CLANG_WARN_INT_CONVERSION = YES;
				CLANG_WARN_NON_LITERAL_NULL_CONVERSION = YES;
				CLANG_WARN_OBJC_IMPLICIT_RETAIN_SELF = YES;
				CLANG_WARN_OBJC_LITERAL_CONVERSION = YES;
				CLANG_WARN_OBJC_ROOT_CLASS = YES_ERROR;
				CLANG_WARN_QUOTED_INCLUDE_IN_FRAMEWORK_HEADER = YES;
				CLANG_WARN_RANGE_LOOP_ANALYSIS = YES;
				CLANG_WARN_STRICT_PROTOTYPES = YES;
				CLANG_WARN_SUSPICIOUS_MOVE = YES;
				CLANG_WARN_UNGUARDED_AVAILABILITY = YES_AGGRESSIVE;
				CLANG_WARN_UNREACHABLE_CODE = YES;
				CLANG_WARN__DUPLICATE_METHOD_MATCH = YES;
				COPY_PHASE_STRIP = NO;
				DEBUG_INFORMATION_FORMAT = "dwarf-with-dsym";
				ENABLE_NS_ASSERTIONS = NO;
				ENABLE_STRICT_OBJC_MSGSEND = YES;
				GCC_C_LANGUAGE_STANDARD = gnu11;
				GCC_NO_COMMON_BLOCKS = YES;
				GCC_WARN_64_TO_32_BIT_CONVERSION = YES;
				GCC_WARN_ABOUT_RETURN_TYPE = YES_ERROR;
				GCC_WARN_UNDECLARED_SELECTOR = YES;
				GCC_WARN_UNINITIALIZED_AUTOS = YES_AGGRESSIVE;
				GCC_WARN_UNUSED_FUNCTION = YES;
				GCC_WARN_UNUSED_VARIABLE = YES;
				IPHONEOS_DEPLOYMENT_TARGET = 14.4;
				MTL_ENABLE_DEBUG_INFO = NO;
				MTL_FAST_MATH = YES;
				SDKROOT = iphoneos;
				SWIFT_COMPILATION_MODE = wholemodule;
				SWIFT_OPTIMIZATION_LEVEL = "-O";
				VALIDATE_PRODUCT = YES;
			};
			name = Release;
		};
		27CD2D0D26263EBC007B24D4 /* Debug */ = {
			isa = XCBuildConfiguration;
			buildSettings = {
				ASSETCATALOG_COMPILER_APPICON_NAME = AppIcon;
				ASSETCATALOG_COMPILER_GLOBAL_ACCENT_COLOR_NAME = AccentColor;
				CODE_SIGN_STYLE = Automatic;
				DEVELOPMENT_TEAM = W75S5ZGF94;
				INFOPLIST_FILE = Nexvent/Info.plist;
				LD_RUNPATH_SEARCH_PATHS = (
					"$(inherited)",
					"@executable_path/Frameworks",
				);
				PRODUCT_BUNDLE_IDENTIFIER = NEXURE.Nexvent;
				PRODUCT_NAME = "$(TARGET_NAME)";
				SWIFT_VERSION = 5.0;
				TARGETED_DEVICE_FAMILY = "1,2";
			};
			name = Debug;
		};
		27CD2D0E26263EBC007B24D4 /* Release */ = {
			isa = XCBuildConfiguration;
			buildSettings = {
				ASSETCATALOG_COMPILER_APPICON_NAME = AppIcon;
				ASSETCATALOG_COMPILER_GLOBAL_ACCENT_COLOR_NAME = AccentColor;
				CODE_SIGN_STYLE = Automatic;
				DEVELOPMENT_TEAM = W75S5ZGF94;
				INFOPLIST_FILE = Nexvent/Info.plist;
				LD_RUNPATH_SEARCH_PATHS = (
					"$(inherited)",
					"@executable_path/Frameworks",
				);
				PRODUCT_BUNDLE_IDENTIFIER = NEXURE.Nexvent;
				PRODUCT_NAME = "$(TARGET_NAME)";
				SWIFT_VERSION = 5.0;
				TARGETED_DEVICE_FAMILY = "1,2";
			};
			name = Release;
		};
		27CD2D1026263EBC007B24D4 /* Debug */ = {
			isa = XCBuildConfiguration;
			buildSettings = {
				ALWAYS_EMBED_SWIFT_STANDARD_LIBRARIES = YES;
				BUNDLE_LOADER = "$(TEST_HOST)";
				CODE_SIGN_STYLE = Automatic;
				DEVELOPMENT_TEAM = W75S5ZGF94;
				INFOPLIST_FILE = NexventTests/Info.plist;
				IPHONEOS_DEPLOYMENT_TARGET = 14.4;
				LD_RUNPATH_SEARCH_PATHS = (
					"$(inherited)",
					"@executable_path/Frameworks",
					"@loader_path/Frameworks",
				);
				PRODUCT_BUNDLE_IDENTIFIER = NEXURE.NexventTests;
				PRODUCT_NAME = "$(TARGET_NAME)";
				SWIFT_VERSION = 5.0;
				TARGETED_DEVICE_FAMILY = "1,2";
				TEST_HOST = "$(BUILT_PRODUCTS_DIR)/Nexvent.app/Nexvent";
			};
			name = Debug;
		};
		27CD2D1126263EBC007B24D4 /* Release */ = {
			isa = XCBuildConfiguration;
			buildSettings = {
				ALWAYS_EMBED_SWIFT_STANDARD_LIBRARIES = YES;
				BUNDLE_LOADER = "$(TEST_HOST)";
				CODE_SIGN_STYLE = Automatic;
				DEVELOPMENT_TEAM = W75S5ZGF94;
				INFOPLIST_FILE = NexventTests/Info.plist;
				IPHONEOS_DEPLOYMENT_TARGET = 14.4;
				LD_RUNPATH_SEARCH_PATHS = (
					"$(inherited)",
					"@executable_path/Frameworks",
					"@loader_path/Frameworks",
				);
				PRODUCT_BUNDLE_IDENTIFIER = NEXURE.NexventTests;
				PRODUCT_NAME = "$(TARGET_NAME)";
				SWIFT_VERSION = 5.0;
				TARGETED_DEVICE_FAMILY = "1,2";
				TEST_HOST = "$(BUILT_PRODUCTS_DIR)/Nexvent.app/Nexvent";
			};
			name = Release;
		};
		27CD2D1326263EBC007B24D4 /* Debug */ = {
			isa = XCBuildConfiguration;
			buildSettings = {
				ALWAYS_EMBED_SWIFT_STANDARD_LIBRARIES = YES;
				CODE_SIGN_STYLE = Automatic;
				DEVELOPMENT_TEAM = W75S5ZGF94;
				INFOPLIST_FILE = NexventUITests/Info.plist;
				LD_RUNPATH_SEARCH_PATHS = (
					"$(inherited)",
					"@executable_path/Frameworks",
					"@loader_path/Frameworks",
				);
				PRODUCT_BUNDLE_IDENTIFIER = NEXURE.NexventUITests;
				PRODUCT_NAME = "$(TARGET_NAME)";
				SWIFT_VERSION = 5.0;
				TARGETED_DEVICE_FAMILY = "1,2";
				TEST_TARGET_NAME = Nexvent;
			};
			name = Debug;
		};
		27CD2D1426263EBC007B24D4 /* Release */ = {
			isa = XCBuildConfiguration;
			buildSettings = {
				ALWAYS_EMBED_SWIFT_STANDARD_LIBRARIES = YES;
				CODE_SIGN_STYLE = Automatic;
				DEVELOPMENT_TEAM = W75S5ZGF94;
				INFOPLIST_FILE = NexventUITests/Info.plist;
				LD_RUNPATH_SEARCH_PATHS = (
					"$(inherited)",
					"@executable_path/Frameworks",
					"@loader_path/Frameworks",
				);
				PRODUCT_BUNDLE_IDENTIFIER = NEXURE.NexventUITests;
				PRODUCT_NAME = "$(TARGET_NAME)";
				SWIFT_VERSION = 5.0;
				TARGETED_DEVICE_FAMILY = "1,2";
				TEST_TARGET_NAME = Nexvent;
			};
			name = Release;
		};
/* End XCBuildConfiguration section */

/* Begin XCConfigurationList section */
		27CD2CDD26263EBA007B24D4 /* Build configuration list for PBXProject "Nexvent" */ = {
			isa = XCConfigurationList;
			buildConfigurations = (
				27CD2D0A26263EBC007B24D4 /* Debug */,
				27CD2D0B26263EBC007B24D4 /* Release */,
			);
			defaultConfigurationIsVisible = 0;
			defaultConfigurationName = Release;
		};
		27CD2D0C26263EBC007B24D4 /* Build configuration list for PBXNativeTarget "Nexvent" */ = {
			isa = XCConfigurationList;
			buildConfigurations = (
				27CD2D0D26263EBC007B24D4 /* Debug */,
				27CD2D0E26263EBC007B24D4 /* Release */,
			);
			defaultConfigurationIsVisible = 0;
			defaultConfigurationName = Release;
		};
		27CD2D0F26263EBC007B24D4 /* Build configuration list for PBXNativeTarget "NexventTests" */ = {
			isa = XCConfigurationList;
			buildConfigurations = (
				27CD2D1026263EBC007B24D4 /* Debug */,
				27CD2D1126263EBC007B24D4 /* Release */,
			);
			defaultConfigurationIsVisible = 0;
			defaultConfigurationName = Release;
		};
		27CD2D1226263EBC007B24D4 /* Build configuration list for PBXNativeTarget "NexventUITests" */ = {
			isa = XCConfigurationList;
			buildConfigurations = (
				27CD2D1326263EBC007B24D4 /* Debug */,
				27CD2D1426263EBC007B24D4 /* Release */,
			);
			defaultConfigurationIsVisible = 0;
			defaultConfigurationName = Release;
		};
/* End XCConfigurationList section */
	};
	rootObject = 27CD2CDA26263EBA007B24D4 /* Project object */;
}
